
Microsoft Visual Studio Solution File, Format Version 12.00
# Visual Studio Version 16
VisualStudioVersion = 16.0.30114.105
MinimumVisualStudioVersion = 10.0.40219.1
Project("{FAE04EC0-301F-11D3-BF4B-00C04F79EFBC}") = "Graph", "Graph\Graph.csproj", "{A2D33886-792F-4584-9548-6ADF8EB4BD2F}"
EndProject
Global
	GlobalSection(SolutionConfigurationPlatforms) = preSolution
		Debug|Any CPU = Debug|Any CPU
		Release|Any CPU = Release|Any CPU
	EndGlobalSection
	GlobalSection(ProjectConfigurationPlatforms) = postSolution
		{A2D33886-792F-4584-9548-6ADF8EB4BD2F}.Debug|Any CPU.ActiveCfg = Debug|Any CPU
		{A2D33886-792F-4584-9548-6ADF8EB4BD2F}.Debug|Any CPU.Build.0 = Debug|Any CPU
		{A2D33886-792F-4584-9548-6ADF8EB4BD2F}.Release|Any CPU.ActiveCfg = Release|Any CPU
		{A2D33886-792F-4584-9548-6ADF8EB4BD2F}.Release|Any CPU.Build.0 = Release|Any CPU
	EndGlobalSection
	GlobalSection(SolutionProperties) = preSolution
		HideSolutionNode = FALSE
	EndGlobalSection
	GlobalSection(ExtensibilityGlobals) = postSolution
		SolutionGuid = {C2CFE1E8-B821-412D-8711-E3E2D57E375E}
	EndGlobalSection
EndGlobal
